Microsoft Visual Studio Solution File, Format Version 12.00
# Visual Studio Version 17
VisualStudioVersion = 17.5.2.0
MinimumVisualStudioVersion = 10.0.40219.1
Project("{FAE04EC0-301F-11D3-BF4B-00C04F79EFBC}") = "ProjectSharp", "ProjectSharp\ProjectSharp.csproj", "{3E9E7760-6E27-7D41-5246-4D04C01EB0E8}"
EndProject
Global
	GlobalSection(SolutionConfigurationPlatforms) = preSolution
		Debug|Any CPU = Debug|Any CPU
		Release|Any CPU = Release|Any CPU
	EndGlobalSection
	GlobalSection(ProjectConfigurationPlatforms) = postSolution
		{3E9E7760-6E27-7D41-5246-4D04C01EB0E8}.Debug|Any CPU.ActiveCfg = Debug|Any CPU
		{3E9E7760-6E27-7D41-5246-4D04C01EB0E8}.Debug|Any CPU.Build.0 = Debug|Any CPU
		{3E9E7760-6E27-7D41-5246-4D04C01EB0E8}.Release|Any CPU.ActiveCfg = Release|Any CPU
		{3E9E7760-6E27-7D41-5246-4D04C01EB0E8}.Release|Any CPU.Build.0 = Release|Any CPU
	EndGlobalSection
	GlobalSection(SolutionProperties) = preSolution
		HideSolutionNode = FALSE
	EndGlobalSection
	GlobalSection(ExtensibilityGlobals) = postSolution
		SolutionGuid = {49E6E3E3-789E-45E9-BD56-72096AC28EF4}
	EndGlobalSection
EndGlobal
